
Microsoft Visual Studio Solution File, Format Version 12.00
# Visual Studio 15
VisualStudioVersion = 15.0.26730.8
MinimumVisualStudioVersion = 10.0.40219.1
Project("{8BC9CEB8-8B4A-11D0-8D11-00A0C91BC942}") = "Geometry3D", "Geometry3D\Geometry3D.vcxproj", "{9F641CA2-67BD-4078-A525-B39160B8350B}"
	ProjectSection(ProjectDependencies) = postProject
		{9D90DDC1-486D-4867-A399-33AA9FA72B44} = {9D90DDC1-486D-4867-A399-33AA9FA72B44}
	EndProjectSection
EndProject
Project("{8BC9CEB8-8B4A-11D0-8D11-00A0C91BC942}") = "Transformations3D", "Transformations3D\Transformations3D.vcxproj", "{9D90DDC1-486D-4867-A399-33AA9FA72B44}"
EndProject
Project("{8BC9CEB8-8B4A-11D0-8D11-00A0C91BC942}") = "Rendering3D", "Rendering3D\Rendering3D.vcxproj", "{15228454-E5C8-4B22-8426-6AC8697A4A6F}"
EndProject
Project("{8BC9CEB8-8B4A-11D0-8D11-00A0C91BC942}") = "Geometry2D", "Geometry2D\Geometry2D.vcxproj", "{FB55C752-D1C7-439B-BC0E-65EA93D58B03}"
EndProject
Global
	GlobalSection(SolutionConfigurationPlatforms) = preSolution
		Debug|x64 = Debug|x64
		Debug|x86 = Debug|x86
		Release|x64 = Release|x64
		Release|x86 = Release|x86
	EndGlobalSection
	GlobalSection(ProjectConfigurationPlatforms) = postSolution
		{9F641CA2-67BD-4078-A525-B39160B8350B}.Debug|x64.ActiveCfg = Debug|x64
		{9F641CA2-67BD-4078-A525-B39160B8350B}.Debug|x64.Build.0 = Debug|x64
		{9F641CA2-67BD-4078-A525-B39160B8350B}.Debug|x86.ActiveCfg = Debug|Win32
		{9F641CA2-67BD-4078-A525-B39160B8350B}.Debug|x86.Build.0 = Debug|Win32
		{9F641CA2-67BD-4078-A525-B39160B8350B}.Release|x64.ActiveCfg = Release|x64
		{9F641CA2-67BD-4078-A525-B39160B8350B}.Release|x64.Build.0 = Release|x64
		{9F641CA2-67BD-4078-A525-B39160B8350B}.Release|x86.ActiveCfg = Release|Win32
		{9F641CA2-67BD-4078-A525-B39160B8350B}.Release|x86.Build.0 = Release|Win32
		{9D90DDC1-486D-4867-A399-33AA9FA72B44}.Debug|x64.ActiveCfg = Debug|x64
		{9D90DDC1-486D-4867-A399-33AA9FA72B44}.Debug|x64.Build.0 = Debug|x64
		{9D90DDC1-486D-4867-A399-33AA9FA72B44}.Debug|x86.ActiveCfg = Debug|Win32
		{9D90DDC1-486D-4867-A399-33AA9FA72B44}.Debug|x86.Build.0 = Debug|Win32
		{9D90DDC1-486D-4867-A399-33AA9FA72B44}.Release|x64.ActiveCfg = Release|x64
		{9D90DDC1-486D-4867-A399-33AA9FA72B44}.Release|x64.Build.0 = Release|x64
		{9D90DDC1-486D-4867-A399-33AA9FA72B44}.Release|x86.ActiveCfg = Release|Win32
		{9D90DDC1-486D-4867-A399-33AA9FA72B44}.Release|x86.Build.0 = Release|Win32
		{15228454-E5C8-4B22-8426-6AC8697A4A6F}.Debug|x64.ActiveCfg = Debug|x64
		{15228454-E5C8-4B22-8426-6AC8697A4A6F}.Debug|x64.Build.0 = Debug|x64
		{15228454-E5C8-4B22-8426-6AC8697A4A6F}.Debug|x86.ActiveCfg = Debug|Win32
		{15228454-E5C8-4B22-8426-6AC8697A4A6F}.Debug|x86.Build.0 = Debug|Win32
		{15228454-E5C8-4B22-8426-6AC8697A4A6F}.Release|x64.ActiveCfg = Release|x64
		{15228454-E5C8-4B22-8426-6AC8697A4A6F}.Release|x64.Build.0 = Release|x64
		{15228454-E5C8-4B22-8426-6AC8697A4A6F}.Release|x86.ActiveCfg = Release|Win32
		{15228454-E5C8-4B22-8426-6AC8697A4A6F}.Release|x86.Build.0 = Release|Win32
		{FB55C752-D1C7-439B-BC0E-65EA93D58B03}.Debug|x64.ActiveCfg = Debug|x64
		{FB55C752-D1C7-439B-BC0E-65EA93D58B03}.Debug|x64.Build.0 = Debug|x64
		{FB55C752-D1C7-439B-BC0E-65EA93D58B03}.Debug|x86.ActiveCfg = Debug|Win32
		{FB55C752-D1C7-439B-BC0E-65EA93D58B03}.Debug|x86.Build.0 = Debug|Win32
		{FB55C752-D1C7-439B-BC0E-65EA93D58B03}.Release|x64.ActiveCfg = Release|x64
		{FB55C752-D1C7-439B-BC0E-65EA93D58B03}.Release|x64.Build.0 = Release|x64
		{FB55C752-D1C7-439B-BC0E-65EA93D58B03}.Release|x86.ActiveCfg = Release|Win32
		{FB55C752-D1C7-439B-BC0E-65EA93D58B03}.Release|x86.Build.0 = Release|Win32
	EndGlobalSection
	GlobalSection(SolutionProperties) = preSolution
		HideSolutionNode = FALSE
	EndGlobalSection
	GlobalSection(ExtensibilityGlobals) = postSolution
		SolutionGuid = {4BA9C794-E9B0-4B22-8F72-49DDA00A8DDA}
	EndGlobalSection
EndGlobal
