<?xml version="1.0" encoding="utf-8"?>
<Project ToolsVersion="4.0" xmlns="http://schemas.microsoft.com/developer/msbuild/2003">
  <ItemGroup>
    <Filter Include="Source Files">
      <UniqueIdentifier>{4FC737F1-C7A5-4376-A066-2A32D752A2FF}</UniqueIdentifier>
      <Extensions>cpp;c;cc;cxx;def;odl;idl;hpj;bat;asm;asmx</Extensions>
    </Filter>
    <Filter Include="Header Files">
      <UniqueIdentifier>{93995380-89BD-4b04-88EB-625FBE52EBFB}</UniqueIdentifier>
      <Extensions>h;hh;hpp;hxx;hm;inl;inc;xsd</Extensions>
    </Filter>
    <Filter Include="Resource Files">
      <UniqueIdentifier>{67DA6AB6-F800-4c08-8B7A-83BB121AAD01}</UniqueIdentifier>
      <Extensions>rc;ico;cur;bmp;dlg;rc2;rct;bin;rgs;gif;jpg;jpeg;jpe;resx;tiff;tif;png;wav;mfcribbon-ms</Extensions>
    </Filter>
  </ItemGroup>
  <ItemGroup>
    <ClInclude Include="include\Particle.hpp">
      <Filter>Header Files</Filter>
    </ClInclude>
    <ClInclude Include="include\ParticleAnchoredBungeeForce.hpp">
      <Filter>Header Files</Filter>
    </ClInclude>
    <ClInclude Include="include\ParticleAnchoredSpringForce.hpp">
      <Filter>Header Files</Filter>
    </ClInclude>
    <ClInclude Include="include\ParticleAnchoredStiffSpringForce.hpp">
      <Filter>Header Files</Filter>
    </ClInclude>
    <ClInclude Include="include\ParticleBungeeForce.hpp">
      <Filter>Header Files</Filter>
    </ClInclude>
    <ClInclude Include="include\ParticleBuoyancyForce.hpp">
      <Filter>Header Files</Filter>
    </ClInclude>
    <ClInclude Include="include\ParticleContact.hpp">
      <Filter>Header Files</Filter>
    </ClInclude>
    <ClInclude Include="include\ParticleContactResolver.hpp">
      <Filter>Header Files</Filter>
    </ClInclude>
    <ClInclude Include="include\ParticleDragForce.hpp">
      <Filter>Header Files</Filter>
    </ClInclude>
    <ClInclude Include="include\ParticleForceGenerator.hpp">
      <Filter>Header Files</Filter>
    </ClInclude>
    <ClInclude Include="include\ParticleForceRegistry.hpp">
      <Filter>Header Files</Filter>
    </ClInclude>
    <ClInclude Include="include\ParticleSpringForce.hpp">
      <Filter>Header Files</Filter>
    </ClInclude>
    <ClInclude Include="include\ParticleContactGenerator.hpp">
      <Filter>Header Files</Filter>
    </ClInclude>
    <ClInclude Include="include\ParticleCableContact.hpp">
      <Filter>Header Files</Filter>
    </ClInclude>
    <ClInclude Include="include\ParticleLinkedContact.hpp">
      <Filter>Header Files</Filter>
    </ClInclude>
    <ClInclude Include="include\ParticleRodContact.hpp">
      <Filter>Header Files</Filter>
    </ClInclude>
    <ClInclude Include="include\ParticlePlaneContact.hpp">
      <Filter>Header Files</Filter>
    </ClInclude>
    <ClInclude Include="include\ParticleWorld.hpp">
      <Filter>Header Files</Filter>
    </ClInclude>
    <ClInclude Include="include\ParticleParticleContact.hpp">
      <Filter>Header Files</Filter>
    </ClInclude>
    <ClInclude Include="include\RigidBody.hpp">
      <Filter>Header Files</Filter>
    </ClInclude>
    <ClInclude Include="include\ParticleUniformGravityForce.hpp">
      <Filter>Header Files</Filter>
    </ClInclude>
    <ClInclude Include="include\ParticleGravityForce.hpp">
      <Filter>Header Files</Filter>
    </ClInclude>
  </ItemGroup>
  <ItemGroup>
    <ClCompile Include="src\Particle.cpp">
      <Filter>Source Files</Filter>
    </ClCompile>
    <ClCompile Include="src\ParticleAnchoredBungeeForce.cpp">
      <Filter>Source Files</Filter>
    </ClCompile>
    <ClCompile Include="src\ParticleAnchoredSpringForce.cpp">
      <Filter>Source Files</Filter>
    </ClCompile>
    <ClCompile Include="src\ParticleAnchoredStiffSpringForce.cpp">
      <Filter>Source Files</Filter>
    </ClCompile>
    <ClCompile Include="src\ParticleBungeeForce.cpp">
      <Filter>Source Files</Filter>
    </ClCompile>
    <ClCompile Include="src\ParticleBuoyancyForce.cpp">
      <Filter>Source Files</Filter>
    </ClCompile>
    <ClCompile Include="src\ParticleContact.cpp">
      <Filter>Source Files</Filter>
    </ClCompile>
    <ClCompile Include="src\ParticleContactResolver.cpp">
      <Filter>Source Files</Filter>
    </ClCompile>
    <ClCompile Include="src\ParticleDragForce.cpp">
      <Filter>Source Files</Filter>
    </ClCompile>
    <ClCompile Include="src\ParticleForceRegistry.cpp">
      <Filter>Source Files</Filter>
    </ClCompile>
    <ClCompile Include="src\ParticleSpringForce.cpp">
      <Filter>Source Files</Filter>
    </ClCompile>
    <ClCompile Include="src\ParticleCableContact.cpp">
      <Filter>Source Files</Filter>
    </ClCompile>
    <ClCompile Include="src\ParticleLinkedContact.cpp">
      <Filter>Source Files</Filter>
    </ClCompile>
    <ClCompile Include="src\ParticleRodContact.cpp">
      <Filter>Source Files</Filter>
    </ClCompile>
    <ClCompile Include="src\ParticlePlaneContact.cpp">
      <Filter>Source Files</Filter>
    </ClCompile>
    <ClCompile Include="src\ParticleWorld.cpp">
      <Filter>Source Files</Filter>
    </ClCompile>
    <ClCompile Include="src\ParticleParticleContact.cpp">
      <Filter>Source Files</Filter>
    </ClCompile>
    <ClCompile Include="src\RigidBody.cpp">
      <Filter>Source Files</Filter>
    </ClCompile>
    <ClCompile Include="src\ParticleUniformGravityForce.cpp">
      <Filter>Source Files</Filter>
    </ClCompile>
    <ClCompile Include="src\ParticleGravityForce.cpp">
      <Filter>Source Files</Filter>
    </ClCompile>
  </ItemGroup>
</Project>